
Microsoft Visual Studio Solution File, Format Version 12.00
# Visual Studio Version 17
VisualStudioVersion = 17.1.32407.343
MinimumVisualStudioVersion = 10.0.40219.1
Project("{FAE04EC0-301F-11D3-BF4B-00C04F79EFBC}") = "ShareBridge.Console", "ShareBridge.Console\ShareBridge.Console.csproj", "{C0D2CBCD-B690-4551-8676-0261C5B98742}"
EndProject
Project("{FAE04EC0-301F-11D3-BF4B-00C04F79EFBC}") = "ShareBridge.Domain", "ShareBridge.Domain\ShareBridge.Domain.csproj", "{718E8423-9E1D-4B8C-BFB4-2155515ACDA8}"
EndProject
Project("{FAE04EC0-301F-11D3-BF4B-00C04F79EFBC}") = "ShareBridge.Core", "ShareBridge.Core\ShareBridge.Core.csproj", "{BC304B8F-39B7-470D-AFDC-BCF08EA4B4B2}"
EndProject
Global
	GlobalSection(SolutionConfigurationPlatforms) = preSolution
		Debug|Any CPU = Debug|Any CPU
		Release|Any CPU = Release|Any CPU
	EndGlobalSection
	GlobalSection(ProjectConfigurationPlatforms) = postSolution
		{C0D2CBCD-B690-4551-8676-0261C5B98742}.Debug|Any CPU.ActiveCfg = Debug|Any CPU
		{C0D2CBCD-B690-4551-8676-0261C5B98742}.Debug|Any CPU.Build.0 = Debug|Any CPU
		{C0D2CBCD-B690-4551-8676-0261C5B98742}.Release|Any CPU.ActiveCfg = Release|Any CPU
		{C0D2CBCD-B690-4551-8676-0261C5B98742}.Release|Any CPU.Build.0 = Release|Any CPU
		{718E8423-9E1D-4B8C-BFB4-2155515ACDA8}.Debug|Any CPU.ActiveCfg = Debug|Any CPU
		{718E8423-9E1D-4B8C-BFB4-2155515ACDA8}.Debug|Any CPU.Build.0 = Debug|Any CPU
		{718E8423-9E1D-4B8C-BFB4-2155515ACDA8}.Release|Any CPU.ActiveCfg = Release|Any CPU
		{718E8423-9E1D-4B8C-BFB4-2155515ACDA8}.Release|Any CPU.Build.0 = Release|Any CPU
		{BC304B8F-39B7-470D-AFDC-BCF08EA4B4B2}.Debug|Any CPU.ActiveCfg = Debug|Any CPU
		{BC304B8F-39B7-470D-AFDC-BCF08EA4B4B2}.Debug|Any CPU.Build.0 = Debug|Any CPU
		{BC304B8F-39B7-470D-AFDC-BCF08EA4B4B2}.Release|Any CPU.ActiveCfg = Release|Any CPU
		{BC304B8F-39B7-470D-AFDC-BCF08EA4B4B2}.Release|Any CPU.Build.0 = Release|Any CPU
	EndGlobalSection
	GlobalSection(SolutionProperties) = preSolution
		HideSolutionNode = FALSE
	EndGlobalSection
	GlobalSection(ExtensibilityGlobals) = postSolution
		SolutionGuid = {E85471B0-EE3E-418B-AA5B-DF2B625780CB}
	EndGlobalSection
EndGlobal
